
Microsoft Visual Studio Solution File, Format Version 12.00
# Visual Studio 15
VisualStudioVersion = 15.0.27703.2042
MinimumVisualStudioVersion = 10.0.40219.1
Project("{FAE04EC0-301F-11D3-BF4B-00C04F79EFBC}") = "GioiThieuViecLam", "GioiThieuViecLam\GioiThieuViecLam.csproj", "{CC0CB556-3B1E-49C8-9017-E62F5CB36508}"
EndProject
Project("{FAE04EC0-301F-11D3-BF4B-00C04F79EFBC}") = "Common", "Common\Common.csproj", "{1627CB0D-F652-459D-9AA7-FC90856E96B2}"
EndProject
Global
	GlobalSection(SolutionConfigurationPlatforms) = preSolution
		Debug|Any CPU = Debug|Any CPU
		Release|Any CPU = Release|Any CPU
	EndGlobalSection
	GlobalSection(ProjectConfigurationPlatforms) = postSolution
		{CC0CB556-3B1E-49C8-9017-E62F5CB36508}.Debug|Any CPU.ActiveCfg = Debug|Any CPU
		{CC0CB556-3B1E-49C8-9017-E62F5CB36508}.Debug|Any CPU.Build.0 = Debug|Any CPU
		{CC0CB556-3B1E-49C8-9017-E62F5CB36508}.Release|Any CPU.ActiveCfg = Release|Any CPU
		{CC0CB556-3B1E-49C8-9017-E62F5CB36508}.Release|Any CPU.Build.0 = Release|Any CPU
		{1627CB0D-F652-459D-9AA7-FC90856E96B2}.Debug|Any CPU.ActiveCfg = Debug|Any CPU
		{1627CB0D-F652-459D-9AA7-FC90856E96B2}.Debug|Any CPU.Build.0 = Debug|Any CPU
		{1627CB0D-F652-459D-9AA7-FC90856E96B2}.Release|Any CPU.ActiveCfg = Release|Any CPU
		{1627CB0D-F652-459D-9AA7-FC90856E96B2}.Release|Any CPU.Build.0 = Release|Any CPU
	EndGlobalSection
	GlobalSection(SolutionProperties) = preSolution
		HideSolutionNode = FALSE
	EndGlobalSection
	GlobalSection(ExtensibilityGlobals) = postSolution
		SolutionGuid = {A86AA039-ABD2-4F94-B794-7D6384B2C511}
	EndGlobalSection
EndGlobal
